
Microsoft Visual Studio Solution File, Format Version 12.00
# Visual Studio Version 17
VisualStudioVersion = 17.7.34202.233
MinimumVisualStudioVersion = 10.0.40219.1
Project("{FAE04EC0-301F-11D3-BF4B-00C04F79EFBC}") = "HW2_es3", "HW2_es3.csproj", "{2B51F3F9-E1C7-4E90-BFA8-D9987B7883DF}"
EndProject
Global
	GlobalSection(SolutionConfigurationPlatforms) = preSolution
		Debug|Any CPU = Debug|Any CPU
		Release|Any CPU = Release|Any CPU
	EndGlobalSection
	GlobalSection(ProjectConfigurationPlatforms) = postSolution
		{2B51F3F9-E1C7-4E90-BFA8-D9987B7883DF}.Debug|Any CPU.ActiveCfg = Debug|Any CPU
		{2B51F3F9-E1C7-4E90-BFA8-D9987B7883DF}.Debug|Any CPU.Build.0 = Debug|Any CPU
		{2B51F3F9-E1C7-4E90-BFA8-D9987B7883DF}.Release|Any CPU.ActiveCfg = Release|Any CPU
		{2B51F3F9-E1C7-4E90-BFA8-D9987B7883DF}.Release|Any CPU.Build.0 = Release|Any CPU
	EndGlobalSection
	GlobalSection(SolutionProperties) = preSolution
		HideSolutionNode = FALSE
	EndGlobalSection
	GlobalSection(ExtensibilityGlobals) = postSolution
		SolutionGuid = {E3B44A55-164A-4E1A-81E3-06EFD824E9D2}
	EndGlobalSection
EndGlobal
